// !$*UTF8*$!
{
	archiveVersion = 1;
	classes = {
	};
	objectVersion = 55;
	objects = {

/* Begin PBXBuildFile section */
		571354B983D2E5F38334A2C3 /* Pods_TODO_CategoryTests.framework in Frameworks */ = {isa = PBXBuildFile; fileRef = 7D9758EBD16016F7A7B13EB5 /* Pods_TODO_CategoryTests.framework */; };
		6AC633B0529E78154F238A0D /* Pods_TODO_Category_TODO_CategoryUITests.framework in Frameworks */ = {isa = PBXBuildFile; fileRef = B0D6425C85BE860F8CD8F290 /* Pods_TODO_Category_TODO_CategoryUITests.framework */; };
		B0ADCF7C73B63B46349AF14E /* Pods_TODO_Category.framework in Frameworks */ = {isa = PBXBuildFile; fileRef = 6F6B530B0EA1DCECDDE60275 /* Pods_TODO_Category.framework */; };
		F462A98A279C486500A0CEC6 /* TODO_CategoryApp.swift in Sources */ = {isa = PBXBuildFile; fileRef = F462A989279C486500A0CEC6 /* TODO_CategoryApp.swift */; };
		F462A98C279C486500A0CEC6 /* ContentView.swift in Sources */ = {isa = PBXBuildFile; fileRef = F462A98B279C486500A0CEC6 /* ContentView.swift */; };
		F462A98E279C486800A0CEC6 /* Assets.xcassets in Resources */ = {isa = PBXBuildFile; fileRef = F462A98D279C486800A0CEC6 /* Assets.xcassets */; };
		F462A991279C486800A0CEC6 /* Preview Assets.xcassets in Resources */ = {isa = PBXBuildFile; fileRef = F462A990279C486800A0CEC6 /* Preview Assets.xcassets */; };
		F462A993279C486800A0CEC6 /* Persistence.swift in Sources */ = {isa = PBXBuildFile; fileRef = F462A992279C486800A0CEC6 /* Persistence.swift */; };
		F462A996279C486800A0CEC6 /* TODO_Category.xcdatamodeld in Sources */ = {isa = PBXBuildFile; fileRef = F462A994279C486800A0CEC6 /* TODO_Category.xcdatamodeld */; };
		F462A9A0279C486900A0CEC6 /* TODO_CategoryTests.swift in Sources */ = {isa = PBXBuildFile; fileRef = F462A99F279C486900A0CEC6 /* TODO_CategoryTests.swift */; };
		F462A9AA279C486900A0CEC6 /* TODO_CategoryUITests.swift in Sources */ = {isa = PBXBuildFile; fileRef = F462A9A9279C486900A0CEC6 /* TODO_CategoryUITests.swift */; };
		F462A9AC279C486900A0CEC6 /* TODO_CategoryUITestsLaunchTests.swift in Sources */ = {isa = PBXBuildFile; fileRef = F462A9AB279C486900A0CEC6 /* TODO_CategoryUITestsLaunchTests.swift */; };
		F462A9BA279C4CCD00A0CEC6 /* Color.xcassets in Resources */ = {isa = PBXBuildFile; fileRef = F462A9B9279C4CCC00A0CEC6 /* Color.xcassets */; };
		F462A9BC279C4D8000A0CEC6 /* Color.swift in Sources */ = {isa = PBXBuildFile; fileRef = F462A9BB279C4D8000A0CEC6 /* Color.swift */; };
		F462A9BE279C504100A0CEC6 /* UtilDate.swift in Sources */ = {isa = PBXBuildFile; fileRef = F462A9BD279C504100A0CEC6 /* UtilDate.swift */; };
		F462A9C0279C521D00A0CEC6 /* UIApplication.swift in Sources */ = {isa = PBXBuildFile; fileRef = F462A9BF279C521D00A0CEC6 /* UIApplication.swift */; };
		F462A9C2279C529B00A0CEC6 /* Binding.swift in Sources */ = {isa = PBXBuildFile; fileRef = F462A9C1279C529B00A0CEC6 /* Binding.swift */; };
		F462A9C4279C532C00A0CEC6 /* TODOEntity.swift in Sources */ = {isa = PBXBuildFile; fileRef = F462A9C3279C532C00A0CEC6 /* TODOEntity.swift */; };
		F462A9C7279C566100A0CEC6 /* AppDelegate.swift in Sources */ = {isa = PBXBuildFile; fileRef = F462A9C6279C566100A0CEC6 /* AppDelegate.swift */; };
		F462A9C9279C56A700A0CEC6 /* SceneDelegate.swift in Sources */ = {isa = PBXBuildFile; fileRef = F462A9C8279C56A700A0CEC6 /* SceneDelegate.swift */; };
		F462A9CC279C6B8A00A0CEC6 /* KeyboardObserver.swift in Sources */ = {isa = PBXBuildFile; fileRef = F462A9CB279C6B8A00A0CEC6 /* KeyboardObserver.swift */; };
		F462A9CE279C6CAB00A0CEC6 /* CornerRadius.swift in Sources */ = {isa = PBXBuildFile; fileRef = F462A9CD279C6CAA00A0CEC6 /* CornerRadius.swift */; };
		F462A9D0279C6E8600A0CEC6 /* TodayTODO.swift in Sources */ = {isa = PBXBuildFile; fileRef = F462A9CF279C6E8600A0CEC6 /* TodayTODO.swift */; };
		F462A9D2279C6F7E00A0CEC6 /* TODODetailRow.swift in Sources */ = {isa = PBXBuildFile; fileRef = F462A9D1279C6F7E00A0CEC6 /* TODODetailRow.swift */; };
		F462A9D5279C720A00A0CEC6 /* CategoryImage.swift in Sources */ = {isa = PBXBuildFile; fileRef = F462A9D4279C720A00A0CEC6 /* CategoryImage.swift */; };
		F462A9D7279C734500A0CEC6 /* CheckBox.swift in Sources */ = {isa = PBXBuildFile; fileRef = F462A9D6279C734500A0CEC6 /* CheckBox.swift */; };
		F462A9D9279C765500A0CEC6 /* UserView.swift in Sources */ = {isa = PBXBuildFile; fileRef = F462A9D8279C765500A0CEC6 /* UserView.swift */; };
		F462A9DB279C780E00A0CEC6 /* TODOList.swift in Sources */ = {isa = PBXBuildFile; fileRef = F462A9DA279C780E00A0CEC6 /* TODOList.swift */; };
		F462A9DD279C7A0200A0CEC6 /* EditTODO.swift in Sources */ = {isa = PBXBuildFile; fileRef = F462A9DC279C7A0200A0CEC6 /* EditTODO.swift */; };
		F462A9DF279C7CC000A0CEC6 /* QuickNewTask.swift in Sources */ = {isa = PBXBuildFile; fileRef = F462A9DE279C7CC000A0CEC6 /* QuickNewTask.swift */; };
		F462A9E1279C80D400A0CEC6 /* NewTask.swift in Sources */ = {isa = PBXBuildFile; fileRef = F462A9E0279C80D400A0CEC6 /* NewTask.swift */; };
		F462A9E3279C839800A0CEC6 /* CategoryView.swift in Sources */ = {isa = PBXBuildFile; fileRef = F462A9E2279C839700A0CEC6 /* CategoryView.swift */; };
/* End PBXBuildFile section */

/* Begin PBXContainerItemProxy section */
		F462A99C279C486900A0CEC6 /* PBXContainerItemProxy */ = {
			isa = PBXContainerItemProxy;
			containerPortal = F462A97E279C486500A0CEC6 /* Project object */;
			proxyType = 1;
			remoteGlobalIDString = F462A985279C486500A0CEC6;
			remoteInfo = "TODO-Category";
		};
		F462A9A6279C486900A0CEC6 /* PBXContainerItemProxy */ = {
			isa = PBXContainerItemProxy;
			containerPortal = F462A97E279C486500A0CEC6 /* Project object */;
			proxyType = 1;
			remoteGlobalIDString = F462A985279C486500A0CEC6;
			remoteInfo = "TODO-Category";
		};
/* End PBXContainerItemProxy section */

/* Begin PBXFileReference section */
		16E9335F1FA2934A4EC46B7B /* Pods-TODO-Category-TODO-CategoryUITests.release.xcconfig */ = {isa = PBXFileReference; includeInIndex = 1; lastKnownFileType = text.xcconfig; name = "Pods-TODO-Category-TODO-CategoryUITests.release.xcconfig"; path = "Target Support Files/Pods-TODO-Category-TODO-CategoryUITests/Pods-TODO-Category-TODO-CategoryUITests.release.xcconfig"; sourceTree = "<group>"; };
		3B5B607B65B21434F8EBDCB9 /* Pods-TODO-Category.release.xcconfig */ = {isa = PBXFileReference; includeInIndex = 1; lastKnownFileType = text.xcconfig; name = "Pods-TODO-Category.release.xcconfig"; path = "Target Support Files/Pods-TODO-Category/Pods-TODO-Category.release.xcconfig"; sourceTree = "<group>"; };
		6F6B530B0EA1DCECDDE60275 /* Pods_TODO_Category.framework */ = {isa = PBXFileReference; explicitFileType = wrapper.framework; includeInIndex = 0; path = Pods_TODO_Category.framework; sourceTree = BUILT_PRODUCTS_DIR; };
		7375704644031B72F9AFC1A3 /* Pods-TODO-Category-TODO-CategoryUITests.debug.xcconfig */ = {isa = PBXFileReference; includeInIndex = 1; lastKnownFileType = text.xcconfig; name = "Pods-TODO-Category-TODO-CategoryUITests.debug.xcconfig"; path = "Target Support Files/Pods-TODO-Category-TODO-CategoryUITests/Pods-TODO-Category-TODO-CategoryUITests.debug.xcconfig"; sourceTree = "<group>"; };
		7D9758EBD16016F7A7B13EB5 /* Pods_TODO_CategoryTests.framework */ = {isa = PBXFileReference; explicitFileType = wrapper.framework; includeInIndex = 0; path = Pods_TODO_CategoryTests.framework; sourceTree = BUILT_PRODUCTS_DIR; };
		80D21F20AF7353BA4C97ED43 /* Pods-TODO-CategoryTests.debug.xcconfig */ = {isa = PBXFileReference; includeInIndex = 1; lastKnownFileType = text.xcconfig; name = "Pods-TODO-CategoryTests.debug.xcconfig"; path = "Target Support Files/Pods-TODO-CategoryTests/Pods-TODO-CategoryTests.debug.xcconfig"; sourceTree = "<group>"; };
		917F13405357B1510D3DE38E /* Pods-TODO-CategoryTests.release.xcconfig */ = {isa = PBXFileReference; includeInIndex = 1; lastKnownFileType = text.xcconfig; name = "Pods-TODO-CategoryTests.release.xcconfig"; path = "Target Support Files/Pods-TODO-CategoryTests/Pods-TODO-CategoryTests.release.xcconfig"; sourceTree = "<group>"; };
		B0D6425C85BE860F8CD8F290 /* Pods_TODO_Category_TODO_CategoryUITests.framework */ = {isa = PBXFileReference; explicitFileType = wrapper.framework; includeInIndex = 0; path = Pods_TODO_Category_TODO_CategoryUITests.framework; sourceTree = BUILT_PRODUCTS_DIR; };
		D6AACC31003D90BFFE0CE2E7 /* Pods-TODO-Category.debug.xcconfig */ = {isa = PBXFileReference; includeInIndex = 1; lastKnownFileType = text.xcconfig; name = "Pods-TODO-Category.debug.xcconfig"; path = "Target Support Files/Pods-TODO-Category/Pods-TODO-Category.debug.xcconfig"; sourceTree = "<group>"; };
		F462A986279C486500A0CEC6 /* TODO-Category.app */ = {isa = PBXFileReference; explicitFileType = wrapper.application; includeInIndex = 0; path = "TODO-Category.app"; sourceTree = BUILT_PRODUCTS_DIR; };
		F462A989279C486500A0CEC6 /* TODO_CategoryApp.swift */ = {isa = PBXFileReference; lastKnownFileType = sourcecode.swift; path = TODO_CategoryApp.swift; sourceTree = "<group>"; };
		F462A98B279C486500A0CEC6 /* ContentView.swift */ = {isa = PBXFileReference; lastKnownFileType = sourcecode.swift; path = ContentView.swift; sourceTree = "<group>"; };
		F462A98D279C486800A0CEC6 /* Assets.xcassets */ = {isa = PBXFileReference; lastKnownFileType = folder.assetcatalog; path = Assets.xcassets; sourceTree = "<group>"; };
		F462A990279C486800A0CEC6 /* Preview Assets.xcassets */ = {isa = PBXFileReference; lastKnownFileType = folder.assetcatalog; path = "Preview Assets.xcassets"; sourceTree = "<group>"; };
		F462A992279C486800A0CEC6 /* Persistence.swift */ = {isa = PBXFileReference; lastKnownFileType = sourcecode.swift; path = Persistence.swift; sourceTree = "<group>"; };
		F462A995279C486800A0CEC6 /* TODO_Category.xcdatamodel */ = {isa = PBXFileReference; lastKnownFileType = wrapper.xcdatamodel; path = TODO_Category.xcdatamodel; sourceTree = "<group>"; };
		F462A99B279C486900A0CEC6 /* TODO-CategoryTests.xctest */ = {isa = PBXFileReference; explicitFileType = wrapper.cfbundle; includeInIndex = 0; path = "TODO-CategoryTests.xctest"; sourceTree = BUILT_PRODUCTS_DIR; };
		F462A99F279C486900A0CEC6 /* TODO_CategoryTests.swift */ = {isa = PBXFileReference; lastKnownFileType = sourcecode.swift; path = TODO_CategoryTests.swift; sourceTree = "<group>"; };
		F462A9A5279C486900A0CEC6 /* TODO-CategoryUITests.xctest */ = {isa = PBXFileReference; explicitFileType = wrapper.cfbundle; includeInIndex = 0; path = "TODO-CategoryUITests.xctest"; sourceTree = BUILT_PRODUCTS_DIR; };
		F462A9A9279C486900A0CEC6 /* TODO_CategoryUITests.swift */ = {isa = PBXFileReference; lastKnownFileType = sourcecode.swift; path = TODO_CategoryUITests.swift; sourceTree = "<group>"; };
		F462A9AB279C486900A0CEC6 /* TODO_CategoryUITestsLaunchTests.swift */ = {isa = PBXFileReference; lastKnownFileType = sourcecode.swift; path = TODO_CategoryUITestsLaunchTests.swift; sourceTree = "<group>"; };
		F462A9B9279C4CCC00A0CEC6 /* Color.xcassets */ = {isa = PBXFileReference; lastKnownFileType = folder.assetcatalog; path = Color.xcassets; sourceTree = "<group>"; };
		F462A9BB279C4D8000A0CEC6 /* Color.swift */ = {isa = PBXFileReference; lastKnownFileType = sourcecode.swift; path = Color.swift; sourceTree = "<group>"; };
		F462A9BD279C504100A0CEC6 /* UtilDate.swift */ = {isa = PBXFileReference; lastKnownFileType = sourcecode.swift; path = UtilDate.swift; sourceTree = "<group>"; };
		F462A9BF279C521D00A0CEC6 /* UIApplication.swift */ = {isa = PBXFileReference; lastKnownFileType = sourcecode.swift; path = UIApplication.swift; sourceTree = "<group>"; };
		F462A9C1279C529B00A0CEC6 /* Binding.swift */ = {isa = PBXFileReference; lastKnownFileType = sourcecode.swift; path = Binding.swift; sourceTree = "<group>"; };
		F462A9C3279C532C00A0CEC6 /* TODOEntity.swift */ = {isa = PBXFileReference; lastKnownFileType = sourcecode.swift; path = TODOEntity.swift; sourceTree = "<group>"; };
		F462A9C6279C566100A0CEC6 /* AppDelegate.swift */ = {isa = PBXFileReference; lastKnownFileType = sourcecode.swift; path = AppDelegate.swift; sourceTree = "<group>"; };
		F462A9C8279C56A700A0CEC6 /* SceneDelegate.swift */ = {isa = PBXFileReference; lastKnownFileType = sourcecode.swift; path = SceneDelegate.swift; sourceTree = "<group>"; };
		F462A9CB279C6B8A00A0CEC6 /* KeyboardObserver.swift */ = {isa = PBXFileReference; lastKnownFileType = sourcecode.swift; path = KeyboardObserver.swift; sourceTree = "<group>"; };
		F462A9CD279C6CAA00A0CEC6 /* CornerRadius.swift */ = {isa = PBXFileReference; lastKnownFileType = sourcecode.swift; path = CornerRadius.swift; sourceTree = "<group>"; };
		F462A9CF279C6E8600A0CEC6 /* TodayTODO.swift */ = {isa = PBXFileReference; lastKnownFileType = sourcecode.swift; path = TodayTODO.swift; sourceTree = "<group>"; };
		F462A9D1279C6F7E00A0CEC6 /* TODODetailRow.swift */ = {isa = PBXFileReference; lastKnownFileType = sourcecode.swift; path = TODODetailRow.swift; sourceTree = "<group>"; };
		F462A9D4279C720A00A0CEC6 /* CategoryImage.swift */ = {isa = PBXFileReference; lastKnownFileType = sourcecode.swift; path = CategoryImage.swift; sourceTree = "<group>"; };
		F462A9D6279C734500A0CEC6 /* CheckBox.swift */ = {isa = PBXFileReference; lastKnownFileType = sourcecode.swift; path = CheckBox.swift; sourceTree = "<group>"; };
		F462A9D8279C765500A0CEC6 /* UserView.swift */ = {isa = PBXFileReference; lastKnownFileType = sourcecode.swift; path = UserView.swift; sourceTree = "<group>"; };
		F462A9DA279C780E00A0CEC6 /* TODOList.swift */ = {isa = PBXFileReference; lastKnownFileType = sourcecode.swift; path = TODOList.swift; sourceTree = "<group>"; };
		F462A9DC279C7A0200A0CEC6 /* EditTODO.swift */ = {isa = PBXFileReference; lastKnownFileType = sourcecode.swift; path = EditTODO.swift; sourceTree = "<group>"; };
		F462A9DE279C7CC000A0CEC6 /* QuickNewTask.swift */ = {isa = PBXFileReference; lastKnownFileType = sourcecode.swift; path = QuickNewTask.swift; sourceTree = "<group>"; };
		F462A9E0279C80D400A0CEC6 /* NewTask.swift */ = {isa = PBXFileReference; lastKnownFileType = sourcecode.swift; path = NewTask.swift; sourceTree = "<group>"; };
		F462A9E2279C839700A0CEC6 /* CategoryView.swift */ = {isa = PBXFileReference; lastKnownFileType = sourcecode.swift; path = CategoryView.swift; sourceTree = "<group>"; };
/* End PBXFileReference section */

/* Begin PBXFrameworksBuildPhase section */
		F462A983279C486500A0CEC6 /* Frameworks */ = {
			isa = PBXFrameworksBuildPhase;
			buildActionMask = 2147483647;
			files = (
				B0ADCF7C73B63B46349AF14E /* Pods_TODO_Category.framework in Frameworks */,
			);
			runOnlyForDeploymentPostprocessing = 0;
		};
		F462A998279C486900A0CEC6 /* Frameworks */ = {
			isa = PBXFrameworksBuildPhase;
			buildActionMask = 2147483647;
			files = (
				571354B983D2E5F38334A2C3 /* Pods_TODO_CategoryTests.framework in Frameworks */,
			);
			runOnlyForDeploymentPostprocessing = 0;
		};
		F462A9A2279C486900A0CEC6 /* Frameworks */ = {
			isa = PBXFrameworksBuildPhase;
			buildActionMask = 2147483647;
			files = (
				6AC633B0529E78154F238A0D /* Pods_TODO_Category_TODO_CategoryUITests.framework in Frameworks */,
			);
			runOnlyForDeploymentPostprocessing = 0;
		};
/* End PBXFrameworksBuildPhase section */

/* Begin PBXGroup section */
		88041FB4689FB84A0BECDB12 /* Pods */ = {
			isa = PBXGroup;
			children = (
				D6AACC31003D90BFFE0CE2E7 /* Pods-TODO-Category.debug.xcconfig */,
				3B5B607B65B21434F8EBDCB9 /* Pods-TODO-Category.release.xcconfig */,
				7375704644031B72F9AFC1A3 /* Pods-TODO-Category-TODO-CategoryUITests.debug.xcconfig */,
				16E9335F1FA2934A4EC46B7B /* Pods-TODO-Category-TODO-CategoryUITests.release.xcconfig */,
				80D21F20AF7353BA4C97ED43 /* Pods-TODO-CategoryTests.debug.xcconfig */,
				917F13405357B1510D3DE38E /* Pods-TODO-CategoryTests.release.xcconfig */,
			);
			path = Pods;
			sourceTree = "<group>";
		};
		EC5D2EBF82BCE1985E5C74A1 /* Frameworks */ = {
			isa = PBXGroup;
			children = (
				6F6B530B0EA1DCECDDE60275 /* Pods_TODO_Category.framework */,
				B0D6425C85BE860F8CD8F290 /* Pods_TODO_Category_TODO_CategoryUITests.framework */,
				7D9758EBD16016F7A7B13EB5 /* Pods_TODO_CategoryTests.framework */,
			);
			name = Frameworks;
			sourceTree = "<group>";
		};
		F462A97D279C486500A0CEC6 = {
			isa = PBXGroup;
			children = (
				F462A988279C486500A0CEC6 /* TODO-Category */,
				F462A99E279C486900A0CEC6 /* TODO-CategoryTests */,
				F462A9A8279C486900A0CEC6 /* TODO-CategoryUITests */,
				F462A987279C486500A0CEC6 /* Products */,
				88041FB4689FB84A0BECDB12 /* Pods */,
				EC5D2EBF82BCE1985E5C74A1 /* Frameworks */,
			);
			sourceTree = "<group>";
		};
		F462A987279C486500A0CEC6 /* Products */ = {
			isa = PBXGroup;
			children = (
				F462A986279C486500A0CEC6 /* TODO-Category.app */,
				F462A99B279C486900A0CEC6 /* TODO-CategoryTests.xctest */,
				F462A9A5279C486900A0CEC6 /* TODO-CategoryUITests.xctest */,
			);
			name = Products;
			sourceTree = "<group>";
		};
		F462A988279C486500A0CEC6 /* TODO-Category */ = {
			isa = PBXGroup;
			children = (
				F462A989279C486500A0CEC6 /* TODO_CategoryApp.swift */,
				F462A98B279C486500A0CEC6 /* ContentView.swift */,
				F462A9C5279C533100A0CEC6 /* Models */,
				F462A9CA279C5DAD00A0CEC6 /* Views */,
				F462A9B8279C4C5D00A0CEC6 /* Utils */,
				F462A98D279C486800A0CEC6 /* Assets.xcassets */,
				F462A9B9279C4CCC00A0CEC6 /* Color.xcassets */,
				F462A9C6279C566100A0CEC6 /* AppDelegate.swift */,
				F462A9C8279C56A700A0CEC6 /* SceneDelegate.swift */,
				F462A992279C486800A0CEC6 /* Persistence.swift */,
				F462A994279C486800A0CEC6 /* TODO_Category.xcdatamodeld */,
				F462A98F279C486800A0CEC6 /* Preview Content */,
			);
			path = "TODO-Category";
			sourceTree = "<group>";
		};
		F462A98F279C486800A0CEC6 /* Preview Content */ = {
			isa = PBXGroup;
			children = (
				F462A990279C486800A0CEC6 /* Preview Assets.xcassets */,
			);
			path = "Preview Content";
			sourceTree = "<group>";
		};
		F462A99E279C486900A0CEC6 /* TODO-CategoryTests */ = {
			isa = PBXGroup;
			children = (
				F462A99F279C486900A0CEC6 /* TODO_CategoryTests.swift */,
			);
			path = "TODO-CategoryTests";
			sourceTree = "<group>";
		};
		F462A9A8279C486900A0CEC6 /* TODO-CategoryUITests */ = {
			isa = PBXGroup;
			children = (
				F462A9A9279C486900A0CEC6 /* TODO_CategoryUITests.swift */,
				F462A9AB279C486900A0CEC6 /* TODO_CategoryUITestsLaunchTests.swift */,
			);
			path = "TODO-CategoryUITests";
			sourceTree = "<group>";
		};
		F462A9B8279C4C5D00A0CEC6 /* Utils */ = {
			isa = PBXGroup;
			children = (
				F462A9BB279C4D8000A0CEC6 /* Color.swift */,
				F462A9BD279C504100A0CEC6 /* UtilDate.swift */,
				F462A9BF279C521D00A0CEC6 /* UIApplication.swift */,
				F462A9C1279C529B00A0CEC6 /* Binding.swift */,
				F462A9CB279C6B8A00A0CEC6 /* KeyboardObserver.swift */,
				F462A9CD279C6CAA00A0CEC6 /* CornerRadius.swift */,
			);
			path = Utils;
			sourceTree = "<group>";
		};
		F462A9C5279C533100A0CEC6 /* Models */ = {
			isa = PBXGroup;
			children = (
				F462A9C3279C532C00A0CEC6 /* TODOEntity.swift */,
			);
			path = Models;
			sourceTree = "<group>";
		};
		F462A9CA279C5DAD00A0CEC6 /* Views */ = {
			isa = PBXGroup;
			children = (
				F462A9D3279C71DC00A0CEC6 /* Common */,
				F462A9CF279C6E8600A0CEC6 /* TodayTODO.swift */,
				F462A9D1279C6F7E00A0CEC6 /* TODODetailRow.swift */,
				F462A9DA279C780E00A0CEC6 /* TODOList.swift */,
				F462A9E0279C80D400A0CEC6 /* NewTask.swift */,
				F462A9DC279C7A0200A0CEC6 /* EditTODO.swift */,
				F462A9DE279C7CC000A0CEC6 /* QuickNewTask.swift */,
			);
			path = Views;
			sourceTree = "<group>";
		};
		F462A9D3279C71DC00A0CEC6 /* Common */ = {
			isa = PBXGroup;
			children = (
				F462A9D4279C720A00A0CEC6 /* CategoryImage.swift */,
				F462A9D6279C734500A0CEC6 /* CheckBox.swift */,
				F462A9D8279C765500A0CEC6 /* UserView.swift */,
				F462A9E2279C839700A0CEC6 /* CategoryView.swift */,
			);
			path = Common;
			sourceTree = "<group>";
		};
/* End PBXGroup section */

/* Begin PBXNativeTarget section */
		F462A985279C486500A0CEC6 /* TODO-Category */ = {
			isa = PBXNativeTarget;
			buildConfigurationList = F462A9AF279C486900A0CEC6 /* Build configuration list for PBXNativeTarget "TODO-Category" */;
			buildPhases = (
				D4DCAB2322F867576EA2C79B /* [CP] Check Pods Manifest.lock */,
				F462A982279C486500A0CEC6 /* Sources */,
				F462A983279C486500A0CEC6 /* Frameworks */,
				F462A984279C486500A0CEC6 /* Resources */,
			);
			buildRules = (
			);
			dependencies = (
			);
			name = "TODO-Category";
			productName = "TODO-Category";
			productReference = F462A986279C486500A0CEC6 /* TODO-Category.app */;
			productType = "com.apple.product-type.application";
		};
		F462A99A279C486900A0CEC6 /* TODO-CategoryTests */ = {
			isa = PBXNativeTarget;
			buildConfigurationList = F462A9B2279C486900A0CEC6 /* Build configuration list for PBXNativeTarget "TODO-CategoryTests" */;
			buildPhases = (
				538857548D75986CC1897122 /* [CP] Check Pods Manifest.lock */,
				F462A997279C486900A0CEC6 /* Sources */,
				F462A998279C486900A0CEC6 /* Frameworks */,
				F462A999279C486900A0CEC6 /* Resources */,
			);
			buildRules = (
			);
			dependencies = (
				F462A99D279C486900A0CEC6 /* PBXTargetDependency */,
			);
			name = "TODO-CategoryTests";
			productName = "TODO-CategoryTests";
			productReference = F462A99B279C486900A0CEC6 /* TODO-CategoryTests.xctest */;
			productType = "com.apple.product-type.bundle.unit-test";
		};
		F462A9A4279C486900A0CEC6 /* TODO-CategoryUITests */ = {
			isa = PBXNativeTarget;
			buildConfigurationList = F462A9B5279C486900A0CEC6 /* Build configuration list for PBXNativeTarget "TODO-CategoryUITests" */;
			buildPhases = (
				23F0B00F3B9241B235BCFEA0 /* [CP] Check Pods Manifest.lock */,
				F462A9A1279C486900A0CEC6 /* Sources */,
				F462A9A2279C486900A0CEC6 /* Frameworks */,
				F462A9A3279C486900A0CEC6 /* Resources */,
			);
			buildRules = (
			);
			dependencies = (
				F462A9A7279C486900A0CEC6 /* PBXTargetDependency */,
			);
			name = "TODO-CategoryUITests";
			productName = "TODO-CategoryUITests";
			productReference = F462A9A5279C486900A0CEC6 /* TODO-CategoryUITests.xctest */;
			productType = "com.apple.product-type.bundle.ui-testing";
		};
/* End PBXNativeTarget section */

/* Begin PBXProject section */
		F462A97E279C486500A0CEC6 /* Project object */ = {
			isa = PBXProject;
			attributes = {
				BuildIndependentTargetsInParallel = 1;
				LastSwiftUpdateCheck = 1310;
				LastUpgradeCheck = 1310;
				TargetAttributes = {
					F462A985279C486500A0CEC6 = {
						CreatedOnToolsVersion = 13.1;
					};
					F462A99A279C486900A0CEC6 = {
						CreatedOnToolsVersion = 13.1;
						TestTargetID = F462A985279C486500A0CEC6;
					};
					F462A9A4279C486900A0CEC6 = {
						CreatedOnToolsVersion = 13.1;
						TestTargetID = F462A985279C486500A0CEC6;
					};
				};
			};
			buildConfigurationList = F462A981279C486500A0CEC6 /* Build configuration list for PBXProject "TODO-Category" */;
			compatibilityVersion = "Xcode 13.0";
			developmentRegion = en;
			hasScannedForEncodings = 0;
			knownRegions = (
				en,
				Base,
			);
			mainGroup = F462A97D279C486500A0CEC6;
			productRefGroup = F462A987279C486500A0CEC6 /* Products */;
			projectDirPath = "";
			projectRoot = "";
			targets = (
				F462A985279C486500A0CEC6 /* TODO-Category */,
				F462A99A279C486900A0CEC6 /* TODO-CategoryTests */,
				F462A9A4279C486900A0CEC6 /* TODO-CategoryUITests */,
			);
		};
/* End PBXProject section */

/* Begin PBXResourcesBuildPhase section */
		F462A984279C486500A0CEC6 /* Resources */ = {
			isa = PBXResourcesBuildPhase;
			buildActionMask = 2147483647;
			files = (
				F462A991279C486800A0CEC6 /* Preview Assets.xcassets in Resources */,
				F462A98E279C486800A0CEC6 /* Assets.xcassets in Resources */,
				F462A9BA279C4CCD00A0CEC6 /* Color.xcassets in Resources */,
			);
			runOnlyForDeploymentPostprocessing = 0;
		};
		F462A999279C486900A0CEC6 /* Resources */ = {
			isa = PBXResourcesBuildPhase;
			buildActionMask = 2147483647;
			files = (
			);
			runOnlyForDeploymentPostprocessing = 0;
		};
		F462A9A3279C486900A0CEC6 /* Resources */ = {
			isa = PBXResourcesBuildPhase;
			buildActionMask = 2147483647;
			files = (
			);
			runOnlyForDeploymentPostprocessing = 0;
		};
/* End PBXResourcesBuildPhase section */

/* Begin PBXShellScriptBuildPhase section */
		23F0B00F3B9241B235BCFEA0 /* [CP] Check Pods Manifest.lock */ = {
			isa = PBXShellScriptBuildPhase;
			buildActionMask = 2147483647;
			files = (
			);
			inputFileListPaths = (
			);
			inputPaths = (
				"${PODS_PODFILE_DIR_PATH}/Podfile.lock",
				"${PODS_ROOT}/Manifest.lock",
			);
			name = "[CP] Check Pods Manifest.lock";
			outputFileListPaths = (
			);
			outputPaths = (
				"$(DERIVED_FILE_DIR)/Pods-TODO-Category-TODO-CategoryUITests-checkManifestLockResult.txt",
			);
			runOnlyForDeploymentPostprocessing = 0;
			shellPath = /bin/sh;
			shellScript = "diff \"${PODS_PODFILE_DIR_PATH}/Podfile.lock\" \"${PODS_ROOT}/Manifest.lock\" > /dev/null\nif [ $? != 0 ] ; then\n    # print error to STDERR\n    echo \"error: The sandbox is not in sync with the Podfile.lock. Run 'pod install' or update your CocoaPods installation.\" >&2\n    exit 1\nfi\n# This output is used by Xcode 'outputs' to avoid re-running this script phase.\necho \"SUCCESS\" > \"${SCRIPT_OUTPUT_FILE_0}\"\n";
			showEnvVarsInLog = 0;
		};
		538857548D75986CC1897122 /* [CP] Check Pods Manifest.lock */ = {
			isa = PBXShellScriptBuildPhase;
			buildActionMask = 2147483647;
			files = (
			);
			inputFileListPaths = (
			);
			inputPaths = (
				"${PODS_PODFILE_DIR_PATH}/Podfile.lock",
				"${PODS_ROOT}/Manifest.lock",
			);
			name = "[CP] Check Pods Manifest.lock";
			outputFileListPaths = (
			);
			outputPaths = (
				"$(DERIVED_FILE_DIR)/Pods-TODO-CategoryTests-checkManifestLockResult.txt",
			);
			runOnlyForDeploymentPostprocessing = 0;
			shellPath = /bin/sh;
			shellScript = "diff \"${PODS_PODFILE_DIR_PATH}/Podfile.lock\" \"${PODS_ROOT}/Manifest.lock\" > /dev/null\nif [ $? != 0 ] ; then\n    # print error to STDERR\n    echo \"error: The sandbox is not in sync with the Podfile.lock. Run 'pod install' or update your CocoaPods installation.\" >&2\n    exit 1\nfi\n# This output is used by Xcode 'outputs' to avoid re-running this script phase.\necho \"SUCCESS\" > \"${SCRIPT_OUTPUT_FILE_0}\"\n";
			showEnvVarsInLog = 0;
		};
		D4DCAB2322F867576EA2C79B /* [CP] Check Pods Manifest.lock */ = {
			isa = PBXShellScriptBuildPhase;
			buildActionMask = 2147483647;
			files = (
			);
			inputFileListPaths = (
			);
			inputPaths = (
				"${PODS_PODFILE_DIR_PATH}/Podfile.lock",
				"${PODS_ROOT}/Manifest.lock",
			);
			name = "[CP] Check Pods Manifest.lock";
			outputFileListPaths = (
			);
			outputPaths = (
				"$(DERIVED_FILE_DIR)/Pods-TODO-Category-checkManifestLockResult.txt",
			);
			runOnlyForDeploymentPostprocessing = 0;
			shellPath = /bin/sh;
			shellScript = "diff \"${PODS_PODFILE_DIR_PATH}/Podfile.lock\" \"${PODS_ROOT}/Manifest.lock\" > /dev/null\nif [ $? != 0 ] ; then\n    # print error to STDERR\n    echo \"error: The sandbox is not in sync with the Podfile.lock. Run 'pod install' or update your CocoaPods installation.\" >&2\n    exit 1\nfi\n# This output is used by Xcode 'outputs' to avoid re-running this script phase.\necho \"SUCCESS\" > \"${SCRIPT_OUTPUT_FILE_0}\"\n";
			showEnvVarsInLog = 0;
		};
/* End PBXShellScriptBuildPhase section */

/* Begin PBXSourcesBuildPhase section */
		F462A982279C486500A0CEC6 /* Sources */ = {
			isa = PBXSourcesBuildPhase;
			buildActionMask = 2147483647;
			files = (
				F462A9CE279C6CAB00A0CEC6 /* CornerRadius.swift in Sources */,
				F462A9DD279C7A0200A0CEC6 /* EditTODO.swift in Sources */,
				F462A993279C486800A0CEC6 /* Persistence.swift in Sources */,
				F462A9C0279C521D00A0CEC6 /* UIApplication.swift in Sources */,
				F462A996279C486800A0CEC6 /* TODO_Category.xcdatamodeld in Sources */,
				F462A9C2279C529B00A0CEC6 /* Binding.swift in Sources */,
				F462A98C279C486500A0CEC6 /* ContentView.swift in Sources */,
				F462A9BE279C504100A0CEC6 /* UtilDate.swift in Sources */,
				F462A9D9279C765500A0CEC6 /* UserView.swift in Sources */,
				F462A9D2279C6F7E00A0CEC6 /* TODODetailRow.swift in Sources */,
				F462A9C4279C532C00A0CEC6 /* TODOEntity.swift in Sources */,
				F462A9C9279C56A700A0CEC6 /* SceneDelegate.swift in Sources */,
				F462A9D7279C734500A0CEC6 /* CheckBox.swift in Sources */,
				F462A9BC279C4D8000A0CEC6 /* Color.swift in Sources */,
				F462A9DB279C780E00A0CEC6 /* TODOList.swift in Sources */,
				F462A9E1279C80D400A0CEC6 /* NewTask.swift in Sources */,
				F462A9C7279C566100A0CEC6 /* AppDelegate.swift in Sources */,
				F462A9CC279C6B8A00A0CEC6 /* KeyboardObserver.swift in Sources */,
				F462A9E3279C839800A0CEC6 /* CategoryView.swift in Sources */,
				F462A98A279C486500A0CEC6 /* TODO_CategoryApp.swift in Sources */,
				F462A9D0279C6E8600A0CEC6 /* TodayTODO.swift in Sources */,
				F462A9DF279C7CC000A0CEC6 /* QuickNewTask.swift in Sources */,
				F462A9D5279C720A00A0CEC6 /* CategoryImage.swift in Sources */,
			);
			runOnlyForDeploymentPostprocessing = 0;
		};
		F462A997279C486900A0CEC6 /* Sources */ = {
			isa = PBXSourcesBuildPhase;
			buildActionMask = 2147483647;
			files = (
				F462A9A0279C486900A0CEC6 /* TODO_CategoryTests.swift in Sources */,
			);
			runOnlyForDeploymentPostprocessing = 0;
		};
		F462A9A1279C486900A0CEC6 /* Sources */ = {
			isa = PBXSourcesBuildPhase;
			buildActionMask = 2147483647;
			files = (
				F462A9AC279C486900A0CEC6 /* TODO_CategoryUITestsLaunchTests.swift in Sources */,
				F462A9AA279C486900A0CEC6 /* TODO_CategoryUITests.swift in Sources */,
			);
			runOnlyForDeploymentPostprocessing = 0;
		};
/* End PBXSourcesBuildPhase section */

/* Begin PBXTargetDependency section */
		F462A99D279C486900A0CEC6 /* PBXTargetDependency */ = {
			isa = PBXTargetDependency;
			target = F462A985279C486500A0CEC6 /* TODO-Category */;
			targetProxy = F462A99C279C486900A0CEC6 /* PBXContainerItemProxy */;
		};
		F462A9A7279C486900A0CEC6 /* PBXTargetDependency */ = {
			isa = PBXTargetDependency;
			target = F462A985279C486500A0CEC6 /* TODO-Category */;
			targetProxy = F462A9A6279C486900A0CEC6 /* PBXContainerItemProxy */;
		};
/* End PBXTargetDependency section */

/* Begin XCBuildConfiguration section */
		F462A9AD279C486900A0CEC6 /* Debug */ = {
			isa = XCBuildConfiguration;
			buildSettings = {
				ALWAYS_SEARCH_USER_PATHS = NO;
				CLANG_ANALYZER_NONNULL = YES;
				CLANG_ANALYZER_NUMBER_OBJECT_CONVERSION = YES_AGGRESSIVE;
				CLANG_CXX_LANGUAGE_STANDARD = "gnu++17";
				CLANG_CXX_LIBRARY = "libc++";
				CLANG_ENABLE_MODULES = YES;
				CLANG_ENABLE_OBJC_ARC = YES;
				CLANG_ENABLE_OBJC_WEAK = YES;
				CLANG_WARN_BLOCK_CAPTURE_AUTORELEASING = YES;
				CLANG_WARN_BOOL_CONVERSION = YES;
				CLANG_WARN_COMMA = YES;
				CLANG_WARN_CONSTANT_CONVERSION = YES;
				CLANG_WARN_DEPRECATED_OBJC_IMPLEMENTATIONS = YES;
				CLANG_WARN_DIRECT_OBJC_ISA_USAGE = YES_ERROR;
				CLANG_WARN_DOCUMENTATION_COMMENTS = YES;
				CLANG_WARN_EMPTY_BODY = YES;
				CLANG_WARN_ENUM_CONVERSION = YES;
				CLANG_WARN_INFINITE_RECURSION = YES;
				CLANG_WARN_INT_CONVERSION = YES;
				CLANG_WARN_NON_LITERAL_NULL_CONVERSION = YES;
				CLANG_WARN_OBJC_IMPLICIT_RETAIN_SELF = YES;
				CLANG_WARN_OBJC_LITERAL_CONVERSION = YES;
				CLANG_WARN_OBJC_ROOT_CLASS = YES_ERROR;
				CLANG_WARN_QUOTED_INCLUDE_IN_FRAMEWORK_HEADER = YES;
				CLANG_WARN_RANGE_LOOP_ANALYSIS = YES;
				CLANG_WARN_STRICT_PROTOTYPES = YES;
				CLANG_WARN_SUSPICIOUS_MOVE = YES;
				CLANG_WARN_UNGUARDED_AVAILABILITY = YES_AGGRESSIVE;
				CLANG_WARN_UNREACHABLE_CODE = YES;
				CLANG_WARN__DUPLICATE_METHOD_MATCH = YES;
				COPY_PHASE_STRIP = NO;
				DEBUG_INFORMATION_FORMAT = dwarf;
				ENABLE_STRICT_OBJC_MSGSEND = YES;
				ENABLE_TESTABILITY = YES;
				GCC_C_LANGUAGE_STANDARD = gnu11;
				GCC_DYNAMIC_NO_PIC = NO;
				GCC_NO_COMMON_BLOCKS = YES;
				GCC_OPTIMIZATION_LEVEL = 0;
				GCC_PREPROCESSOR_DEFINITIONS = (
					"DEBUG=1",
					"$(inherited)",
				);
				GCC_WARN_64_TO_32_BIT_CONVERSION = YES;
				GCC_WARN_ABOUT_RETURN_TYPE = YES_ERROR;
				GCC_WARN_UNDECLARED_SELECTOR = YES;
				GCC_WARN_UNINITIALIZED_AUTOS = YES_AGGRESSIVE;
				GCC_WARN_UNUSED_FUNCTION = YES;
				GCC_WARN_UNUSED_VARIABLE = YES;
				IPHONEOS_DEPLOYMENT_TARGET = 15.0;
				MTL_ENABLE_DEBUG_INFO = INCLUDE_SOURCE;
				MTL_FAST_MATH = YES;
				ONLY_ACTIVE_ARCH = YES;
				SDKROOT = iphoneos;
				SWIFT_ACTIVE_COMPILATION_CONDITIONS = DEBUG;
				SWIFT_OPTIMIZATION_LEVEL = "-Onone";
			};
			name = Debug;
		};
		F462A9AE279C486900A0CEC6 /* Release */ = {
			isa = XCBuildConfiguration;
			buildSettings = {
				ALWAYS_SEARCH_USER_PATHS = NO;
				CLANG_ANALYZER_NONNULL = YES;
				CLANG_ANALYZER_NUMBER_OBJECT_CONVERSION = YES_AGGRESSIVE;
				CLANG_CXX_LANGUAGE_STANDARD = "gnu++17";
				CLANG_CXX_LIBRARY = "libc++";
				CLANG_ENABLE_MODULES = YES;
				CLANG_ENABLE_OBJC_ARC = YES;
				CLANG_ENABLE_OBJC_WEAK = YES;
				CLANG_WARN_BLOCK_CAPTURE_AUTORELEASING = YES;
				CLANG_WARN_BOOL_CONVERSION = YES;
				CLANG_WARN_COMMA = YES;
				CLANG_WARN_CONSTANT_CONVERSION = YES;
				CLANG_WARN_DEPRECATED_OBJC_IMPLEMENTATIONS = YES;
				CLANG_WARN_DIRECT_OBJC_ISA_USAGE = YES_ERROR;
				CLANG_WARN_DOCUMENTATION_COMMENTS = YES;
				CLANG_WARN_EMPTY_BODY = YES;
				CLANG_WARN_ENUM_CONVERSION = YES;
				CLANG_WARN_INFINITE_RECURSION = YES;
				CLANG_WARN_INT_CONVERSION = YES;
				CLANG_WARN_NON_LITERAL_NULL_CONVERSION = YES;
				CLANG_WARN_OBJC_IMPLICIT_RETAIN_SELF = YES;
				CLANG_WARN_OBJC_LITERAL_CONVERSION = YES;
				CLANG_WARN_OBJC_ROOT_CLASS = YES_ERROR;
				CLANG_WARN_QUOTED_INCLUDE_IN_FRAMEWORK_HEADER = YES;
				CLANG_WARN_RANGE_LOOP_ANALYSIS = YES;
				CLANG_WARN_STRICT_PROTOTYPES = YES;
				CLANG_WARN_SUSPICIOUS_MOVE = YES;
				CLANG_WARN_UNGUARDED_AVAILABILITY = YES_AGGRESSIVE;
				CLANG_WARN_UNREACHABLE_CODE = YES;
				CLANG_WARN__DUPLICATE_METHOD_MATCH = YES;
				COPY_PHASE_STRIP = NO;
				DEBUG_INFORMATION_FORMAT = "dwarf-with-dsym";
				ENABLE_NS_ASSERTIONS = NO;
				ENABLE_STRICT_OBJC_MSGSEND = YES;
				GCC_C_LANGUAGE_STANDARD = gnu11;
				GCC_NO_COMMON_BLOCKS = YES;
				GCC_WARN_64_TO_32_BIT_CONVERSION = YES;
				GCC_WARN_ABOUT_RETURN_TYPE = YES_ERROR;
				GCC_WARN_UNDECLARED_SELECTOR = YES;
				GCC_WARN_UNINITIALIZED_AUTOS = YES_AGGRESSIVE;
				GCC_WARN_UNUSED_FUNCTION = YES;
				GCC_WARN_UNUSED_VARIABLE = YES;
				IPHONEOS_DEPLOYMENT_TARGET = 15.0;
				MTL_ENABLE_DEBUG_INFO = NO;
				MTL_FAST_MATH = YES;
				SDKROOT = iphoneos;
				SWIFT_COMPILATION_MODE = wholemodule;
				SWIFT_OPTIMIZATION_LEVEL = "-O";
				VALIDATE_PRODUCT = YES;
			};
			name = Release;
		};
		F462A9B0279C486900A0CEC6 /* Debug */ = {
			isa = XCBuildConfiguration;
			baseConfigurationReference = D6AACC31003D90BFFE0CE2E7 /* Pods-TODO-Category.debug.xcconfig */;
			buildSettings = {
				ASSETCATALOG_COMPILER_APPICON_NAME = AppIcon;
				ASSETCATALOG_COMPILER_GLOBAL_ACCENT_COLOR_NAME = AccentColor;
				CODE_SIGN_STYLE = Automatic;
				CURRENT_PROJECT_VERSION = 1;
				DEVELOPMENT_ASSET_PATHS = "\"TODO-Category/Preview Content\"";
				DEVELOPMENT_TEAM = S3PW95J64Q;
				ENABLE_PREVIEWS = YES;
				GENERATE_INFOPLIST_FILE = YES;
				INFOPLIST_KEY_UIApplicationSceneManifest_Generation = YES;
				INFOPLIST_KEY_UIApplicationSupportsIndirectInputEvents = YES;
				INFOPLIST_KEY_UILaunchScreen_Generation = YES;
				INFOPLIST_KEY_UISupportedInterfaceOrientations_iPad = "UIInterfaceOrientationPortrait UIInterfaceOrientationPortraitUpsideDown UIInterfaceOrientationLandscapeLeft UIInterfaceOrientationLandscapeRight";
				INFOPLIST_KEY_UISupportedInterfaceOrientations_iPhone = "UIInterfaceOrientationPortrait UIInterfaceOrientationLandscapeLeft UIInterfaceOrientationLandscapeRight";
				LD_RUNPATH_SEARCH_PATHS = (
					"$(inherited)",
					"@executable_path/Frameworks",
				);
				MARKETING_VERSION = 1.0;
				PRODUCT_BUNDLE_IDENTIFIER = "com.Hiroaki-Hirabayashi.TODO-Category";
				PRODUCT_NAME = "$(TARGET_NAME)";
				SWIFT_EMIT_LOC_STRINGS = YES;
				SWIFT_VERSION = 5.0;
				TARGETED_DEVICE_FAMILY = "1,2";
			};
			name = Debug;
		};
		F462A9B1279C486900A0CEC6 /* Release */ = {
			isa = XCBuildConfiguration;
			baseConfigurationReference = 3B5B607B65B21434F8EBDCB9 /* Pods-TODO-Category.release.xcconfig */;
			buildSettings = {
				ASSETCATALOG_COMPILER_APPICON_NAME = AppIcon;
				ASSETCATALOG_COMPILER_GLOBAL_ACCENT_COLOR_NAME = AccentColor;
				CODE_SIGN_STYLE = Automatic;
				CURRENT_PROJECT_VERSION = 1;
				DEVELOPMENT_ASSET_PATHS = "\"TODO-Category/Preview Content\"";
				DEVELOPMENT_TEAM = S3PW95J64Q;
				ENABLE_PREVIEWS = YES;
				GENERATE_INFOPLIST_FILE = YES;
				INFOPLIST_KEY_UIApplicationSceneManifest_Generation = YES;
				INFOPLIST_KEY_UIApplicationSupportsIndirectInputEvents = YES;
				INFOPLIST_KEY_UILaunchScreen_Generation = YES;
				INFOPLIST_KEY_UISupportedInterfaceOrientations_iPad = "UIInterfaceOrientationPortrait UIInterfaceOrientationPortraitUpsideDown UIInterfaceOrientationLandscapeLeft UIInterfaceOrientationLandscapeRight";
				INFOPLIST_KEY_UISupportedInterfaceOrientations_iPhone = "UIInterfaceOrientationPortrait UIInterfaceOrientationLandscapeLeft UIInterfaceOrientationLandscapeRight";
				LD_RUNPATH_SEARCH_PATHS = (
					"$(inherited)",
					"@executable_path/Frameworks",
				);
				MARKETING_VERSION = 1.0;
				PRODUCT_BUNDLE_IDENTIFIER = "com.Hiroaki-Hirabayashi.TODO-Category";
				PRODUCT_NAME = "$(TARGET_NAME)";
				SWIFT_EMIT_LOC_STRINGS = YES;
				SWIFT_VERSION = 5.0;
				TARGETED_DEVICE_FAMILY = "1,2";
			};
			name = Release;
		};
		F462A9B3279C486900A0CEC6 /* Debug */ = {
			isa = XCBuildConfiguration;
			baseConfigurationReference = 80D21F20AF7353BA4C97ED43 /* Pods-TODO-CategoryTests.debug.xcconfig */;
			buildSettings = {
				ALWAYS_EMBED_SWIFT_STANDARD_LIBRARIES = YES;
				BUNDLE_LOADER = "$(TEST_HOST)";
				CODE_SIGN_STYLE = Automatic;
				CURRENT_PROJECT_VERSION = 1;
				DEVELOPMENT_TEAM = S3PW95J64Q;
				GENERATE_INFOPLIST_FILE = YES;
				IPHONEOS_DEPLOYMENT_TARGET = 15.0;
				LD_RUNPATH_SEARCH_PATHS = (
					"$(inherited)",
					"@executable_path/Frameworks",
					"@loader_path/Frameworks",
				);
				MARKETING_VERSION = 1.0;
				PRODUCT_BUNDLE_IDENTIFIER = "com.Hiroaki-Hirabayashi.TODO-CategoryTests";
				PRODUCT_NAME = "$(TARGET_NAME)";
				SWIFT_EMIT_LOC_STRINGS = NO;
				SWIFT_VERSION = 5.0;
				TARGETED_DEVICE_FAMILY = "1,2";
				TEST_HOST = "$(BUILT_PRODUCTS_DIR)/TODO-Category.app/TODO-Category";
			};
			name = Debug;
		};
		F462A9B4279C486900A0CEC6 /* Release */ = {
			isa = XCBuildConfiguration;
			baseConfigurationReference = 917F13405357B1510D3DE38E /* Pods-TODO-CategoryTests.release.xcconfig */;
			buildSettings = {
				ALWAYS_EMBED_SWIFT_STANDARD_LIBRARIES = YES;
				BUNDLE_LOADER = "$(TEST_HOST)";
				CODE_SIGN_STYLE = Automatic;
				CURRENT_PROJECT_VERSION = 1;
				DEVELOPMENT_TEAM = S3PW95J64Q;
				GENERATE_INFOPLIST_FILE = YES;
				IPHONEOS_DEPLOYMENT_TARGET = 15.0;
				LD_RUNPATH_SEARCH_PATHS = (
					"$(inherited)",
					"@executable_path/Frameworks",
					"@loader_path/Frameworks",
				);
				MARKETING_VERSION = 1.0;
				PRODUCT_BUNDLE_IDENTIFIER = "com.Hiroaki-Hirabayashi.TODO-CategoryTests";
				PRODUCT_NAME = "$(TARGET_NAME)";
				SWIFT_EMIT_LOC_STRINGS = NO;
				SWIFT_VERSION = 5.0;
				TARGETED_DEVICE_FAMILY = "1,2";
				TEST_HOST = "$(BUILT_PRODUCTS_DIR)/TODO-Category.app/TODO-Category";
			};
			name = Release;
		};
		F462A9B6279C486900A0CEC6 /* Debug */ = {
			isa = XCBuildConfiguration;
			baseConfigurationReference = 7375704644031B72F9AFC1A3 /* Pods-TODO-Category-TODO-CategoryUITests.debug.xcconfig */;
			buildSettings = {
				ALWAYS_EMBED_SWIFT_STANDARD_LIBRARIES = YES;
				CODE_SIGN_STYLE = Automatic;
				CURRENT_PROJECT_VERSION = 1;
				DEVELOPMENT_TEAM = S3PW95J64Q;
				GENERATE_INFOPLIST_FILE = YES;
				LD_RUNPATH_SEARCH_PATHS = (
					"$(inherited)",
					"@executable_path/Frameworks",
					"@loader_path/Frameworks",
				);
				MARKETING_VERSION = 1.0;
				PRODUCT_BUNDLE_IDENTIFIER = "com.Hiroaki-Hirabayashi.TODO-CategoryUITests";
				PRODUCT_NAME = "$(TARGET_NAME)";
				SWIFT_EMIT_LOC_STRINGS = NO;
				SWIFT_VERSION = 5.0;
				TARGETED_DEVICE_FAMILY = "1,2";
				TEST_TARGET_NAME = "TODO-Category";
			};
			name = Debug;
		};
		F462A9B7279C486900A0CEC6 /* Release */ = {
			isa = XCBuildConfiguration;
			baseConfigurationReference = 16E9335F1FA2934A4EC46B7B /* Pods-TODO-Category-TODO-CategoryUITests.release.xcconfig */;
			buildSettings = {
				ALWAYS_EMBED_SWIFT_STANDARD_LIBRARIES = YES;
				CODE_SIGN_STYLE = Automatic;
				CURRENT_PROJECT_VERSION = 1;
				DEVELOPMENT_TEAM = S3PW95J64Q;
				GENERATE_INFOPLIST_FILE = YES;
				LD_RUNPATH_SEARCH_PATHS = (
					"$(inherited)",
					"@executable_path/Frameworks",
					"@loader_path/Frameworks",
				);
				MARKETING_VERSION = 1.0;
				PRODUCT_BUNDLE_IDENTIFIER = "com.Hiroaki-Hirabayashi.TODO-CategoryUITests";
				PRODUCT_NAME = "$(TARGET_NAME)";
				SWIFT_EMIT_LOC_STRINGS = NO;
				SWIFT_VERSION = 5.0;
				TARGETED_DEVICE_FAMILY = "1,2";
				TEST_TARGET_NAME = "TODO-Category";
			};
			name = Release;
		};
/* End XCBuildConfiguration section */

/* Begin XCConfigurationList section */
		F462A981279C486500A0CEC6 /* Build configuration list for PBXProject "TODO-Category" */ = {
			isa = XCConfigurationList;
			buildConfigurations = (
				F462A9AD279C486900A0CEC6 /* Debug */,
				F462A9AE279C486900A0CEC6 /* Release */,
			);
			defaultConfigurationIsVisible = 0;
			defaultConfigurationName = Release;
		};
		F462A9AF279C486900A0CEC6 /* Build configuration list for PBXNativeTarget "TODO-Category" */ = {
			isa = XCConfigurationList;
			buildConfigurations = (
				F462A9B0279C486900A0CEC6 /* Debug */,
				F462A9B1279C486900A0CEC6 /* Release */,
			);
			defaultConfigurationIsVisible = 0;
			defaultConfigurationName = Release;
		};
		F462A9B2279C486900A0CEC6 /* Build configuration list for PBXNativeTarget "TODO-CategoryTests" */ = {
			isa = XCConfigurationList;
			buildConfigurations = (
				F462A9B3279C486900A0CEC6 /* Debug */,
				F462A9B4279C486900A0CEC6 /* Release */,
			);
			defaultConfigurationIsVisible = 0;
			defaultConfigurationName = Release;
		};
		F462A9B5279C486900A0CEC6 /* Build configuration list for PBXNativeTarget "TODO-CategoryUITests" */ = {
			isa = XCConfigurationList;
			buildConfigurations = (
				F462A9B6279C486900A0CEC6 /* Debug */,
				F462A9B7279C486900A0CEC6 /* Release */,
			);
			defaultConfigurationIsVisible = 0;
			defaultConfigurationName = Release;
		};
/* End XCConfigurationList section */

/* Begin XCVersionGroup section */
		F462A994279C486800A0CEC6 /* TODO_Category.xcdatamodeld */ = {
			isa = XCVersionGroup;
			children = (
				F462A995279C486800A0CEC6 /* TODO_Category.xcdatamodel */,
			);
			currentVersion = F462A995279C486800A0CEC6 /* TODO_Category.xcdatamodel */;
			path = TODO_Category.xcdatamodeld;
			sourceTree = "<group>";
			versionGroupType = wrapper.xcdatamodel;
		};
/* End XCVersionGroup section */
	};
	rootObject = F462A97E279C486500A0CEC6 /* Project object */;
}
